
Microsoft Visual Studio Solution File, Format Version 12.00
# Visual Studio Version 16
VisualStudioVersion = 16.0.30114.105
MinimumVisualStudioVersion = 10.0.40219.1
Project("{FAE04EC0-301F-11D3-BF4B-00C04F79EFBC}") = "app", "app\app.csproj", "{FF434112-8926-4235-8CB8-414DABC1C445}"
EndProject
Project("{FAE04EC0-301F-11D3-BF4B-00C04F79EFBC}") = "class", "class\class.csproj", "{68AC108B-F902-42C5-9374-A3618A30E84E}"
EndProject
Global
	GlobalSection(SolutionConfigurationPlatforms) = preSolution
		Debug|Any CPU = Debug|Any CPU
		Release|Any CPU = Release|Any CPU
	EndGlobalSection
	GlobalSection(SolutionProperties) = preSolution
		HideSolutionNode = FALSE
	EndGlobalSection
	GlobalSection(ProjectConfigurationPlatforms) = postSolution
		{FF434112-8926-4235-8CB8-414DABC1C445}.Debug|Any CPU.ActiveCfg = Debug|Any CPU
		{FF434112-8926-4235-8CB8-414DABC1C445}.Debug|Any CPU.Build.0 = Debug|Any CPU
		{FF434112-8926-4235-8CB8-414DABC1C445}.Release|Any CPU.ActiveCfg = Release|Any CPU
		{FF434112-8926-4235-8CB8-414DABC1C445}.Release|Any CPU.Build.0 = Release|Any CPU
		{68AC108B-F902-42C5-9374-A3618A30E84E}.Debug|Any CPU.ActiveCfg = Debug|Any CPU
		{68AC108B-F902-42C5-9374-A3618A30E84E}.Debug|Any CPU.Build.0 = Debug|Any CPU
		{68AC108B-F902-42C5-9374-A3618A30E84E}.Release|Any CPU.ActiveCfg = Release|Any CPU
		{68AC108B-F902-42C5-9374-A3618A30E84E}.Release|Any CPU.Build.0 = Release|Any CPU
	EndGlobalSection
EndGlobal
